
Microsoft Visual Studio Solution File, Format Version 12.00
Project("{FAE04EC0-301F-11D3-BF4B-00C04F79EFBC}") = "Reliefy.UI", "Reliefy.UI\Reliefy.UI.csproj", "{DE7C9B42-638A-4635-A5AB-6C4091BFD24A}"
EndProject
Project("{FAE04EC0-301F-11D3-BF4B-00C04F79EFBC}") = "Reliefy.Infrastructure", "Reliefy.Infrastructure\Reliefy.Infrastructure.csproj", "{0C0F46E5-EED9-4473-A97F-D917C106EF97}"
EndProject
Project("{FAE04EC0-301F-11D3-BF4B-00C04F79EFBC}") = "Reliefy.Application", "Reliefy.Application\Reliefy.Application.csproj", "{F934B295-3E3F-49B2-BDB5-F7CCAF8EC744}"
EndProject
Project("{FAE04EC0-301F-11D3-BF4B-00C04F79EFBC}") = "Reliefy.Domain", "Reliefy.Domain\Reliefy.Domain.csproj", "{00DC4AEC-1062-49BA-B27A-D1008C3A89C7}"
EndProject
Global
	GlobalSection(SolutionConfigurationPlatforms) = preSolution
		Debug|Any CPU = Debug|Any CPU
		Release|Any CPU = Release|Any CPU
	EndGlobalSection
	GlobalSection(ProjectConfigurationPlatforms) = postSolution
		{DE7C9B42-638A-4635-A5AB-6C4091BFD24A}.Debug|Any CPU.ActiveCfg = Debug|Any CPU
		{DE7C9B42-638A-4635-A5AB-6C4091BFD24A}.Debug|Any CPU.Build.0 = Debug|Any CPU
		{DE7C9B42-638A-4635-A5AB-6C4091BFD24A}.Release|Any CPU.ActiveCfg = Release|Any CPU
		{DE7C9B42-638A-4635-A5AB-6C4091BFD24A}.Release|Any CPU.Build.0 = Release|Any CPU
		{0C0F46E5-EED9-4473-A97F-D917C106EF97}.Debug|Any CPU.ActiveCfg = Debug|Any CPU
		{0C0F46E5-EED9-4473-A97F-D917C106EF97}.Debug|Any CPU.Build.0 = Debug|Any CPU
		{0C0F46E5-EED9-4473-A97F-D917C106EF97}.Release|Any CPU.ActiveCfg = Release|Any CPU
		{0C0F46E5-EED9-4473-A97F-D917C106EF97}.Release|Any CPU.Build.0 = Release|Any CPU
		{F934B295-3E3F-49B2-BDB5-F7CCAF8EC744}.Debug|Any CPU.ActiveCfg = Debug|Any CPU
		{F934B295-3E3F-49B2-BDB5-F7CCAF8EC744}.Debug|Any CPU.Build.0 = Debug|Any CPU
		{F934B295-3E3F-49B2-BDB5-F7CCAF8EC744}.Release|Any CPU.ActiveCfg = Release|Any CPU
		{F934B295-3E3F-49B2-BDB5-F7CCAF8EC744}.Release|Any CPU.Build.0 = Release|Any CPU
		{00DC4AEC-1062-49BA-B27A-D1008C3A89C7}.Debug|Any CPU.ActiveCfg = Debug|Any CPU
		{00DC4AEC-1062-49BA-B27A-D1008C3A89C7}.Debug|Any CPU.Build.0 = Debug|Any CPU
		{00DC4AEC-1062-49BA-B27A-D1008C3A89C7}.Release|Any CPU.ActiveCfg = Release|Any CPU
		{00DC4AEC-1062-49BA-B27A-D1008C3A89C7}.Release|Any CPU.Build.0 = Release|Any CPU
	EndGlobalSection
EndGlobal
